
Microsoft Visual Studio Solution File, Format Version 12.00
# Visual Studio Version 17
VisualStudioVersion = 17.0.31903.59
MinimumVisualStudioVersion = 10.0.40219.1
Project("{2150E333-8FDC-42A3-9474-1A3956D46DE8}") = "src", "src", "{827E0CD3-B72D-47B6-A68D-7590B98EB39B}"
EndProject
Project("{FAE04EC0-301F-11D3-BF4B-00C04F79EFBC}") = "Estoque.API", "src\Estoque.API\Estoque.API.csproj", "{BD8917F4-0766-40AC-BD36-043D20BAA058}"
EndProject
Project("{FAE04EC0-301F-11D3-BF4B-00C04F79EFBC}") = "Estoque.Application", "src\Estoque.Application\Estoque.Application.csproj", "{33D6B813-838F-4FD2-80D2-A1DCC6FC3A0E}"
EndProject
Project("{FAE04EC0-301F-11D3-BF4B-00C04F79EFBC}") = "Estoque.Domain", "src\Estoque.Domain\Estoque.Domain.csproj", "{75997645-14D6-401B-BC9C-8B74D86A7434}"
EndProject
Project("{FAE04EC0-301F-11D3-BF4B-00C04F79EFBC}") = "Estoque.Infrastructure", "src\Estoque.Infrastructure\Estoque.Infrastructure.csproj", "{6D774BB4-FA01-4656-B8CE-F52FD490D027}"
EndProject
Project("{FAE04EC0-301F-11D3-BF4B-00C04F79EFBC}") = "Vendas.API", "src\Vendas.API\Vendas.API.csproj", "{10629DA9-DB81-4A1D-AFE8-CD485BAC5933}"
EndProject
Project("{FAE04EC0-301F-11D3-BF4B-00C04F79EFBC}") = "Vendas.Application", "src\Vendas.Application\Vendas.Application.csproj", "{95785A14-65F0-4237-947C-BD2B9A87BF29}"
EndProject
Project("{FAE04EC0-301F-11D3-BF4B-00C04F79EFBC}") = "Vendas.Domain", "src\Vendas.Domain\Vendas.Domain.csproj", "{F59F8C60-1D26-48C1-AE33-14D3396652B0}"
EndProject
Project("{FAE04EC0-301F-11D3-BF4B-00C04F79EFBC}") = "Vendas.Infrastructure", "src\Vendas.Infrastructure\Vendas.Infrastructure.csproj", "{CDE3693C-3F7D-4054-9E45-012D62CCF23B}"
EndProject
Global
	GlobalSection(SolutionConfigurationPlatforms) = preSolution
		Debug|Any CPU = Debug|Any CPU
		Debug|x64 = Debug|x64
		Debug|x86 = Debug|x86
		Release|Any CPU = Release|Any CPU
		Release|x64 = Release|x64
		Release|x86 = Release|x86
	EndGlobalSection
	GlobalSection(ProjectConfigurationPlatforms) = postSolution
		{BD8917F4-0766-40AC-BD36-043D20BAA058}.Debug|Any CPU.ActiveCfg = Debug|Any CPU
		{BD8917F4-0766-40AC-BD36-043D20BAA058}.Debug|Any CPU.Build.0 = Debug|Any CPU
		{BD8917F4-0766-40AC-BD36-043D20BAA058}.Debug|x64.ActiveCfg = Debug|Any CPU
		{BD8917F4-0766-40AC-BD36-043D20BAA058}.Debug|x64.Build.0 = Debug|Any CPU
		{BD8917F4-0766-40AC-BD36-043D20BAA058}.Debug|x86.ActiveCfg = Debug|Any CPU
		{BD8917F4-0766-40AC-BD36-043D20BAA058}.Debug|x86.Build.0 = Debug|Any CPU
		{BD8917F4-0766-40AC-BD36-043D20BAA058}.Release|Any CPU.ActiveCfg = Release|Any CPU
		{BD8917F4-0766-40AC-BD36-043D20BAA058}.Release|Any CPU.Build.0 = Release|Any CPU
		{BD8917F4-0766-40AC-BD36-043D20BAA058}.Release|x64.ActiveCfg = Release|Any CPU
		{BD8917F4-0766-40AC-BD36-043D20BAA058}.Release|x64.Build.0 = Release|Any CPU
		{BD8917F4-0766-40AC-BD36-043D20BAA058}.Release|x86.ActiveCfg = Release|Any CPU
		{BD8917F4-0766-40AC-BD36-043D20BAA058}.Release|x86.Build.0 = Release|Any CPU
		{33D6B813-838F-4FD2-80D2-A1DCC6FC3A0E}.Debug|Any CPU.ActiveCfg = Debug|Any CPU
		{33D6B813-838F-4FD2-80D2-A1DCC6FC3A0E}.Debug|Any CPU.Build.0 = Debug|Any CPU
		{33D6B813-838F-4FD2-80D2-A1DCC6FC3A0E}.Debug|x64.ActiveCfg = Debug|Any CPU
		{33D6B813-838F-4FD2-80D2-A1DCC6FC3A0E}.Debug|x64.Build.0 = Debug|Any CPU
		{33D6B813-838F-4FD2-80D2-A1DCC6FC3A0E}.Debug|x86.ActiveCfg = Debug|Any CPU
		{33D6B813-838F-4FD2-80D2-A1DCC6FC3A0E}.Debug|x86.Build.0 = Debug|Any CPU
		{33D6B813-838F-4FD2-80D2-A1DCC6FC3A0E}.Release|Any CPU.ActiveCfg = Release|Any CPU
		{33D6B813-838F-4FD2-80D2-A1DCC6FC3A0E}.Release|Any CPU.Build.0 = Release|Any CPU
		{33D6B813-838F-4FD2-80D2-A1DCC6FC3A0E}.Release|x64.ActiveCfg = Release|Any CPU
		{33D6B813-838F-4FD2-80D2-A1DCC6FC3A0E}.Release|x64.Build.0 = Release|Any CPU
		{33D6B813-838F-4FD2-80D2-A1DCC6FC3A0E}.Release|x86.ActiveCfg = Release|Any CPU
		{33D6B813-838F-4FD2-80D2-A1DCC6FC3A0E}.Release|x86.Build.0 = Release|Any CPU
		{75997645-14D6-401B-BC9C-8B74D86A7434}.Debug|Any CPU.ActiveCfg = Debug|Any CPU
		{75997645-14D6-401B-BC9C-8B74D86A7434}.Debug|Any CPU.Build.0 = Debug|Any CPU
		{75997645-14D6-401B-BC9C-8B74D86A7434}.Debug|x64.ActiveCfg = Debug|Any CPU
		{75997645-14D6-401B-BC9C-8B74D86A7434}.Debug|x64.Build.0 = Debug|Any CPU
		{75997645-14D6-401B-BC9C-8B74D86A7434}.Debug|x86.ActiveCfg = Debug|Any CPU
		{75997645-14D6-401B-BC9C-8B74D86A7434}.Debug|x86.Build.0 = Debug|Any CPU
		{75997645-14D6-401B-BC9C-8B74D86A7434}.Release|Any CPU.ActiveCfg = Release|Any CPU
		{75997645-14D6-401B-BC9C-8B74D86A7434}.Release|Any CPU.Build.0 = Release|Any CPU
		{75997645-14D6-401B-BC9C-8B74D86A7434}.Release|x64.ActiveCfg = Release|Any CPU
		{75997645-14D6-401B-BC9C-8B74D86A7434}.Release|x64.Build.0 = Release|Any CPU
		{75997645-14D6-401B-BC9C-8B74D86A7434}.Release|x86.ActiveCfg = Release|Any CPU
		{75997645-14D6-401B-BC9C-8B74D86A7434}.Release|x86.Build.0 = Release|Any CPU
		{6D774BB4-FA01-4656-B8CE-F52FD490D027}.Debug|Any CPU.ActiveCfg = Debug|Any CPU
		{6D774BB4-FA01-4656-B8CE-F52FD490D027}.Debug|Any CPU.Build.0 = Debug|Any CPU
		{6D774BB4-FA01-4656-B8CE-F52FD490D027}.Debug|x64.ActiveCfg = Debug|Any CPU
		{6D774BB4-FA01-4656-B8CE-F52FD490D027}.Debug|x64.Build.0 = Debug|Any CPU
		{6D774BB4-FA01-4656-B8CE-F52FD490D027}.Debug|x86.ActiveCfg = Debug|Any CPU
		{6D774BB4-FA01-4656-B8CE-F52FD490D027}.Debug|x86.Build.0 = Debug|Any CPU
		{6D774BB4-FA01-4656-B8CE-F52FD490D027}.Release|Any CPU.ActiveCfg = Release|Any CPU
		{6D774BB4-FA01-4656-B8CE-F52FD490D027}.Release|Any CPU.Build.0 = Release|Any CPU
		{6D774BB4-FA01-4656-B8CE-F52FD490D027}.Release|x64.ActiveCfg = Release|Any CPU
		{6D774BB4-FA01-4656-B8CE-F52FD490D027}.Release|x64.Build.0 = Release|Any CPU
		{6D774BB4-FA01-4656-B8CE-F52FD490D027}.Release|x86.ActiveCfg = Release|Any CPU
		{6D774BB4-FA01-4656-B8CE-F52FD490D027}.Release|x86.Build.0 = Release|Any CPU
		{10629DA9-DB81-4A1D-AFE8-CD485BAC5933}.Debug|Any CPU.ActiveCfg = Debug|Any CPU
		{10629DA9-DB81-4A1D-AFE8-CD485BAC5933}.Debug|Any CPU.Build.0 = Debug|Any CPU
		{10629DA9-DB81-4A1D-AFE8-CD485BAC5933}.Debug|x64.ActiveCfg = Debug|Any CPU
		{10629DA9-DB81-4A1D-AFE8-CD485BAC5933}.Debug|x64.Build.0 = Debug|Any CPU
		{10629DA9-DB81-4A1D-AFE8-CD485BAC5933}.Debug|x86.ActiveCfg = Debug|Any CPU
		{10629DA9-DB81-4A1D-AFE8-CD485BAC5933}.Debug|x86.Build.0 = Debug|Any CPU
		{10629DA9-DB81-4A1D-AFE8-CD485BAC5933}.Release|Any CPU.ActiveCfg = Release|Any CPU
		{10629DA9-DB81-4A1D-AFE8-CD485BAC5933}.Release|Any CPU.Build.0 = Release|Any CPU
		{10629DA9-DB81-4A1D-AFE8-CD485BAC5933}.Release|x64.ActiveCfg = Release|Any CPU
		{10629DA9-DB81-4A1D-AFE8-CD485BAC5933}.Release|x64.Build.0 = Release|Any CPU
		{10629DA9-DB81-4A1D-AFE8-CD485BAC5933}.Release|x86.ActiveCfg = Release|Any CPU
		{10629DA9-DB81-4A1D-AFE8-CD485BAC5933}.Release|x86.Build.0 = Release|Any CPU
		{95785A14-65F0-4237-947C-BD2B9A87BF29}.Debug|Any CPU.ActiveCfg = Debug|Any CPU
		{95785A14-65F0-4237-947C-BD2B9A87BF29}.Debug|Any CPU.Build.0 = Debug|Any CPU
		{95785A14-65F0-4237-947C-BD2B9A87BF29}.Debug|x64.ActiveCfg = Debug|Any CPU
		{95785A14-65F0-4237-947C-BD2B9A87BF29}.Debug|x64.Build.0 = Debug|Any CPU
		{95785A14-65F0-4237-947C-BD2B9A87BF29}.Debug|x86.ActiveCfg = Debug|Any CPU
		{95785A14-65F0-4237-947C-BD2B9A87BF29}.Debug|x86.Build.0 = Debug|Any CPU
		{95785A14-65F0-4237-947C-BD2B9A87BF29}.Release|Any CPU.ActiveCfg = Release|Any CPU
		{95785A14-65F0-4237-947C-BD2B9A87BF29}.Release|Any CPU.Build.0 = Release|Any CPU
		{95785A14-65F0-4237-947C-BD2B9A87BF29}.Release|x64.ActiveCfg = Release|Any CPU
		{95785A14-65F0-4237-947C-BD2B9A87BF29}.Release|x64.Build.0 = Release|Any CPU
		{95785A14-65F0-4237-947C-BD2B9A87BF29}.Release|x86.ActiveCfg = Release|Any CPU
		{95785A14-65F0-4237-947C-BD2B9A87BF29}.Release|x86.Build.0 = Release|Any CPU
		{F59F8C60-1D26-48C1-AE33-14D3396652B0}.Debug|Any CPU.ActiveCfg = Debug|Any CPU
		{F59F8C60-1D26-48C1-AE33-14D3396652B0}.Debug|Any CPU.Build.0 = Debug|Any CPU
		{F59F8C60-1D26-48C1-AE33-14D3396652B0}.Debug|x64.ActiveCfg = Debug|Any CPU
		{F59F8C60-1D26-48C1-AE33-14D3396652B0}.Debug|x64.Build.0 = Debug|Any CPU
		{F59F8C60-1D26-48C1-AE33-14D3396652B0}.Debug|x86.ActiveCfg = Debug|Any CPU
		{F59F8C60-1D26-48C1-AE33-14D3396652B0}.Debug|x86.Build.0 = Debug|Any CPU
		{F59F8C60-1D26-48C1-AE33-14D3396652B0}.Release|Any CPU.ActiveCfg = Release|Any CPU
		{F59F8C60-1D26-48C1-AE33-14D3396652B0}.Release|Any CPU.Build.0 = Release|Any CPU
		{F59F8C60-1D26-48C1-AE33-14D3396652B0}.Release|x64.ActiveCfg = Release|Any CPU
		{F59F8C60-1D26-48C1-AE33-14D3396652B0}.Release|x64.Build.0 = Release|Any CPU
		{F59F8C60-1D26-48C1-AE33-14D3396652B0}.Release|x86.ActiveCfg = Release|Any CPU
		{F59F8C60-1D26-48C1-AE33-14D3396652B0}.Release|x86.Build.0 = Release|Any CPU
		{CDE3693C-3F7D-4054-9E45-012D62CCF23B}.Debug|Any CPU.ActiveCfg = Debug|Any CPU
		{CDE3693C-3F7D-4054-9E45-012D62CCF23B}.Debug|Any CPU.Build.0 = Debug|Any CPU
		{CDE3693C-3F7D-4054-9E45-012D62CCF23B}.Debug|x64.ActiveCfg = Debug|Any CPU
		{CDE3693C-3F7D-4054-9E45-012D62CCF23B}.Debug|x64.Build.0 = Debug|Any CPU
		{CDE3693C-3F7D-4054-9E45-012D62CCF23B}.Debug|x86.ActiveCfg = Debug|Any CPU
		{CDE3693C-3F7D-4054-9E45-012D62CCF23B}.Debug|x86.Build.0 = Debug|Any CPU
		{CDE3693C-3F7D-4054-9E45-012D62CCF23B}.Release|Any CPU.ActiveCfg = Release|Any CPU
		{CDE3693C-3F7D-4054-9E45-012D62CCF23B}.Release|Any CPU.Build.0 = Release|Any CPU
		{CDE3693C-3F7D-4054-9E45-012D62CCF23B}.Release|x64.ActiveCfg = Release|Any CPU
		{CDE3693C-3F7D-4054-9E45-012D62CCF23B}.Release|x64.Build.0 = Release|Any CPU
		{CDE3693C-3F7D-4054-9E45-012D62CCF23B}.Release|x86.ActiveCfg = Release|Any CPU
		{CDE3693C-3F7D-4054-9E45-012D62CCF23B}.Release|x86.Build.0 = Release|Any CPU
	EndGlobalSection
	GlobalSection(SolutionProperties) = preSolution
		HideSolutionNode = FALSE
	EndGlobalSection
	GlobalSection(NestedProjects) = preSolution
		{BD8917F4-0766-40AC-BD36-043D20BAA058} = {827E0CD3-B72D-47B6-A68D-7590B98EB39B}
		{33D6B813-838F-4FD2-80D2-A1DCC6FC3A0E} = {827E0CD3-B72D-47B6-A68D-7590B98EB39B}
		{75997645-14D6-401B-BC9C-8B74D86A7434} = {827E0CD3-B72D-47B6-A68D-7590B98EB39B}
		{6D774BB4-FA01-4656-B8CE-F52FD490D027} = {827E0CD3-B72D-47B6-A68D-7590B98EB39B}
		{10629DA9-DB81-4A1D-AFE8-CD485BAC5933} = {827E0CD3-B72D-47B6-A68D-7590B98EB39B}
		{95785A14-65F0-4237-947C-BD2B9A87BF29} = {827E0CD3-B72D-47B6-A68D-7590B98EB39B}
		{F59F8C60-1D26-48C1-AE33-14D3396652B0} = {827E0CD3-B72D-47B6-A68D-7590B98EB39B}
		{CDE3693C-3F7D-4054-9E45-012D62CCF23B} = {827E0CD3-B72D-47B6-A68D-7590B98EB39B}
	EndGlobalSection
EndGlobal
